
Microsoft Visual Studio Solution File, Format Version 12.00
# Visual Studio Version 16
VisualStudioVersion = 25.0.1704.2
MinimumVisualStudioVersion = 10.0.40219.1
Project("{FAE04EC0-301F-11D3-BF4B-00C04F79EFBC}") = "CatalogAPI", "src\CatalogAPI\CatalogAPI.csproj", "{A4808D90-CB40-452E-9BC2-B51C24FBCB34}"
EndProject
Project("{2150E333-8FDC-42A3-9474-1A3956D46DE8}") = "src", "src", "{B6BBC416-40E2-4266-A892-CBCC985EB309}"
EndProject
Project("{2150E333-8FDC-42A3-9474-1A3956D46DE8}") = "deploy", "deploy", "{E35CB2D1-B0DD-4445-AD84-429CD7B4BCC4}"
EndProject
Project("{2150E333-8FDC-42A3-9474-1A3956D46DE8}") = "dapr", "dapr", "{6F9C6D98-449D-4F74-AF8B-43AC6FD99B9C}"
EndProject
Project("{2150E333-8FDC-42A3-9474-1A3956D46DE8}") = "k8", "k8", "{950CFD75-5DC9-4166-8931-265F4152E8F6}"
EndProject
Project("{2150E333-8FDC-42A3-9474-1A3956D46DE8}") = "components", "components", "{1776DA1E-8FD1-4A4E-BD6F-8DE6BD1674D5}"
	ProjectSection(SolutionItems) = preProject
		deploy\dapr\components\eshop-email.yaml = deploy\dapr\components\eshop-email.yaml
		deploy\dapr\components\eshop-secretstore.yaml = deploy\dapr\components\eshop-secretstore.yaml
		deploy\dapr\components\eshop-pubsub.yaml = deploy\dapr\components\eshop-pubsub.yaml
		deploy\dapr\components\eshop-secrets.json = deploy\dapr\components\eshop-secrets.json
		deploy\dapr\components\eshop-statestore.yaml = deploy\dapr\components\eshop-statestore.yaml
	EndProjectSection
EndProject
Project("{2150E333-8FDC-42A3-9474-1A3956D46DE8}") = "config", "config", "{3ECFAAA9-08B1-441B-B4EE-87200A72D1E4}"
	ProjectSection(SolutionItems) = preProject
		deploy\dapr\config\config.yaml = deploy\dapr\config\config.yaml
	EndProjectSection
EndProject
Project("{2150E333-8FDC-42A3-9474-1A3956D46DE8}") = "helm", "helm", "{3558919F-7034-44AC-BBF0-F25EC0213CF9}"
	ProjectSection(SolutionItems) = preProject
		deploy\k8\Chart.yaml = deploy\k8\Chart.yaml
		deploy\k8\values.yaml = deploy\k8\values.yaml
	EndProjectSection
EndProject
Project("{2150E333-8FDC-42A3-9474-1A3956D46DE8}") = "templates", "templates", "{EC63963F-718F-4522-BED0-2A0B0F5E27FD}"
	ProjectSection(SolutionItems) = preProject
		deploy\k8\helm\templates\catalog.yaml = deploy\k8\helm\templates\catalog.yaml
		deploy\k8\helm\templates\dapr-config.yaml = deploy\k8\helm\templates\dapr-config.yaml
		deploy\k8\helm\templates\dapr-secrets.yaml = deploy\k8\helm\templates\dapr-secrets.yaml
		deploy\k8\helm\templates\dapr-state.yaml = deploy\k8\helm\templates\dapr-state.yaml
		deploy\k8\helm\templates\namespace.yaml = deploy\k8\helm\templates\namespace.yaml
		deploy\k8\helm\templates\redis.yaml = deploy\k8\helm\templates\redis.yaml
		deploy\k8\helm\templates\secrets.yaml = deploy\k8\helm\templates\secrets.yaml
		deploy\k8\helm\templates\sqldata.yaml = deploy\k8\helm\templates\sqldata.yaml
	EndProjectSection
EndProject
Project("{9344BDBB-3E7F-41FC-A0DD-8665D75EE146}") = "docker-compose", "docker-compose.dcproj", "{CF56F086-07D1-478D-BE20-9467028964AF}"
EndProject
Project("{9344BDBB-3E7F-41FC-A0DD-8665D75EE146}") = "docker-compose", "docker-compose.dcproj", "{5A8D1215-5240-45F5-ADA7-9BEDEDBED210}"
EndProject
Project("{E53339B2-1760-4266-BCC7-CA923CBCF16C}") = "docker-compose", "docker-compose.dcproj", "{24EE4AD0-30D6-479C-AFFE-58AE1F1C1DC1}"
EndProject
Global
	GlobalSection(SolutionConfigurationPlatforms) = preSolution
		Debug|Any CPU = Debug|Any CPU
		Release|Any CPU = Release|Any CPU
	EndGlobalSection
	GlobalSection(ProjectConfigurationPlatforms) = postSolution
		{A4808D90-CB40-452E-9BC2-B51C24FBCB34}.Debug|Any CPU.ActiveCfg = Debug|Any CPU
		{A4808D90-CB40-452E-9BC2-B51C24FBCB34}.Debug|Any CPU.Build.0 = Debug|Any CPU
		{A4808D90-CB40-452E-9BC2-B51C24FBCB34}.Release|Any CPU.ActiveCfg = Release|Any CPU
		{A4808D90-CB40-452E-9BC2-B51C24FBCB34}.Release|Any CPU.Build.0 = Release|Any CPU
		{60F96628-9357-48BE-B2C3-1536DE838099}.Debug|Any CPU.ActiveCfg = Debug|Any CPU
		{60F96628-9357-48BE-B2C3-1536DE838099}.Debug|Any CPU.Build.0 = Debug|Any CPU
		{60F96628-9357-48BE-B2C3-1536DE838099}.Release|Any CPU.ActiveCfg = Release|Any CPU
		{60F96628-9357-48BE-B2C3-1536DE838099}.Release|Any CPU.Build.0 = Release|Any CPU
		{97489C10-820F-43ED-94F9-D8D306215F58}.Debug|Any CPU.ActiveCfg = Debug|Any CPU
		{97489C10-820F-43ED-94F9-D8D306215F58}.Debug|Any CPU.Build.0 = Debug|Any CPU
		{97489C10-820F-43ED-94F9-D8D306215F58}.Release|Any CPU.ActiveCfg = Release|Any CPU
		{97489C10-820F-43ED-94F9-D8D306215F58}.Release|Any CPU.Build.0 = Release|Any CPU
		{AE4B7B65-8C47-4216-AA07-2682793D018B}.Debug|Any CPU.ActiveCfg = Debug|Any CPU
		{AE4B7B65-8C47-4216-AA07-2682793D018B}.Debug|Any CPU.Build.0 = Debug|Any CPU
		{AE4B7B65-8C47-4216-AA07-2682793D018B}.Release|Any CPU.ActiveCfg = Release|Any CPU
		{AE4B7B65-8C47-4216-AA07-2682793D018B}.Release|Any CPU.Build.0 = Release|Any CPU
		{31E713BF-C281-4993-BE22-4B31564C0C10}.Debug|Any CPU.ActiveCfg = Debug|Any CPU
		{31E713BF-C281-4993-BE22-4B31564C0C10}.Debug|Any CPU.Build.0 = Debug|Any CPU
		{31E713BF-C281-4993-BE22-4B31564C0C10}.Release|Any CPU.ActiveCfg = Release|Any CPU
		{31E713BF-C281-4993-BE22-4B31564C0C10}.Release|Any CPU.Build.0 = Release|Any CPU
		{CF56F086-07D1-478D-BE20-9467028964AF}.Debug|Any CPU.ActiveCfg = Debug|Any CPU
		{CF56F086-07D1-478D-BE20-9467028964AF}.Debug|Any CPU.Build.0 = Debug|Any CPU
		{CF56F086-07D1-478D-BE20-9467028964AF}.Release|Any CPU.ActiveCfg = Release|Any CPU
		{CF56F086-07D1-478D-BE20-9467028964AF}.Release|Any CPU.Build.0 = Release|Any CPU
		{5A8D1215-5240-45F5-ADA7-9BEDEDBED210}.Debug|Any CPU.ActiveCfg = Debug|Any CPU
		{5A8D1215-5240-45F5-ADA7-9BEDEDBED210}.Debug|Any CPU.Build.0 = Debug|Any CPU
		{5A8D1215-5240-45F5-ADA7-9BEDEDBED210}.Release|Any CPU.ActiveCfg = Release|Any CPU
		{5A8D1215-5240-45F5-ADA7-9BEDEDBED210}.Release|Any CPU.Build.0 = Release|Any CPU
		{24EE4AD0-30D6-479C-AFFE-58AE1F1C1DC1}.Debug|Any CPU.ActiveCfg = Debug|Any CPU
		{24EE4AD0-30D6-479C-AFFE-58AE1F1C1DC1}.Debug|Any CPU.Build.0 = Debug|Any CPU
		{24EE4AD0-30D6-479C-AFFE-58AE1F1C1DC1}.Release|Any CPU.ActiveCfg = Release|Any CPU
		{24EE4AD0-30D6-479C-AFFE-58AE1F1C1DC1}.Release|Any CPU.Build.0 = Release|Any CPU
	EndGlobalSection
	GlobalSection(SolutionProperties) = preSolution
		HideSolutionNode = FALSE
	EndGlobalSection
	GlobalSection(ExtensibilityGlobals) = postSolution
		SolutionGuid = {1DD6D174-00E6-49B0-8F4E-DC6F0F54F050}
	EndGlobalSection
	GlobalSection(NestedProjects) = preSolution
		{A4808D90-CB40-452E-9BC2-B51C24FBCB34} = {B6BBC416-40E2-4266-A892-CBCC985EB309}
		{6F9C6D98-449D-4F74-AF8B-43AC6FD99B9C} = {E35CB2D1-B0DD-4445-AD84-429CD7B4BCC4}
		{950CFD75-5DC9-4166-8931-265F4152E8F6} = {E35CB2D1-B0DD-4445-AD84-429CD7B4BCC4}
		{1776DA1E-8FD1-4A4E-BD6F-8DE6BD1674D5} = {6F9C6D98-449D-4F74-AF8B-43AC6FD99B9C}
		{3ECFAAA9-08B1-441B-B4EE-87200A72D1E4} = {6F9C6D98-449D-4F74-AF8B-43AC6FD99B9C}
		{3558919F-7034-44AC-BBF0-F25EC0213CF9} = {950CFD75-5DC9-4166-8931-265F4152E8F6}
		{EC63963F-718F-4522-BED0-2A0B0F5E27FD} = {3558919F-7034-44AC-BBF0-F25EC0213CF9}
	EndGlobalSection
EndGlobal
